
Microsoft Visual Studio Solution File, Format Version 12.00
Project("{FAE04EC0-301F-11D3-BF4B-00C04F79EFBC}") = "ChessEngine", "ChessEngine\ChessEngine.csproj", "{1D81F316-97A0-4BAD-97AD-19ECEA02D08B}"
EndProject
Project("{FAE04EC0-301F-11D3-BF4B-00C04F79EFBC}") = "ChessNetWebApi", "ChessNetWebApi\ChessNetWebApi.csproj", "{8160FC1D-C831-4EB8-B042-1F52C8EA4F6D}"
EndProject
Project("{FAE04EC0-301F-11D3-BF4B-00C04F79EFBC}") = "ChessNetApp", "ChessNetApp\ChessNetApp.csproj", "{D07CC43F-5789-46E4-9918-AC2B5238AF6D}"
EndProject
Project("{FAE04EC0-301F-11D3-BF4B-00C04F79EFBC}") = "ChessEngineTests", "ChessEngineTests\ChessEngineTests.csproj", "{F36BCE64-3B4E-4D59-ADAD-625BA8F3F509}"
EndProject
Global
	GlobalSection(SolutionConfigurationPlatforms) = preSolution
		Debug|Any CPU = Debug|Any CPU
		Release|Any CPU = Release|Any CPU
	EndGlobalSection
	GlobalSection(ProjectConfigurationPlatforms) = postSolution
		{1D81F316-97A0-4BAD-97AD-19ECEA02D08B}.Debug|Any CPU.ActiveCfg = Debug|Any CPU
		{1D81F316-97A0-4BAD-97AD-19ECEA02D08B}.Debug|Any CPU.Build.0 = Debug|Any CPU
		{1D81F316-97A0-4BAD-97AD-19ECEA02D08B}.Release|Any CPU.ActiveCfg = Release|Any CPU
		{1D81F316-97A0-4BAD-97AD-19ECEA02D08B}.Release|Any CPU.Build.0 = Release|Any CPU
		{8160FC1D-C831-4EB8-B042-1F52C8EA4F6D}.Debug|Any CPU.ActiveCfg = Debug|Any CPU
		{8160FC1D-C831-4EB8-B042-1F52C8EA4F6D}.Debug|Any CPU.Build.0 = Debug|Any CPU
		{8160FC1D-C831-4EB8-B042-1F52C8EA4F6D}.Release|Any CPU.ActiveCfg = Release|Any CPU
		{8160FC1D-C831-4EB8-B042-1F52C8EA4F6D}.Release|Any CPU.Build.0 = Release|Any CPU
		{D07CC43F-5789-46E4-9918-AC2B5238AF6D}.Debug|Any CPU.ActiveCfg = Debug|Any CPU
		{D07CC43F-5789-46E4-9918-AC2B5238AF6D}.Debug|Any CPU.Build.0 = Debug|Any CPU
		{D07CC43F-5789-46E4-9918-AC2B5238AF6D}.Release|Any CPU.ActiveCfg = Release|Any CPU
		{D07CC43F-5789-46E4-9918-AC2B5238AF6D}.Release|Any CPU.Build.0 = Release|Any CPU
		{F36BCE64-3B4E-4D59-ADAD-625BA8F3F509}.Debug|Any CPU.ActiveCfg = Debug|Any CPU
		{F36BCE64-3B4E-4D59-ADAD-625BA8F3F509}.Debug|Any CPU.Build.0 = Debug|Any CPU
		{F36BCE64-3B4E-4D59-ADAD-625BA8F3F509}.Release|Any CPU.ActiveCfg = Release|Any CPU
		{F36BCE64-3B4E-4D59-ADAD-625BA8F3F509}.Release|Any CPU.Build.0 = Release|Any CPU
	EndGlobalSection
EndGlobal
